
Microsoft Visual Studio Solution File, Format Version 12.00
# Visual Studio Version 16
VisualStudioVersion = 16.0.29609.76
MinimumVisualStudioVersion = 10.0.40219.1
Project("{FAE04EC0-301F-11D3-BF4B-00C04F79EFBC}") = "WPF.LoginView", "WPF.LoginView\WPF.LoginView.csproj", "{0465527B-362F-4F89-8EA5-E052C9162768}"
EndProject
Global
	GlobalSection(SolutionConfigurationPlatforms) = preSolution
		Debug|Any CPU = Debug|Any CPU
		Release|Any CPU = Release|Any CPU
	EndGlobalSection
	GlobalSection(ProjectConfigurationPlatforms) = postSolution
		{0465527B-362F-4F89-8EA5-E052C9162768}.Debug|Any CPU.ActiveCfg = Debug|Any CPU
		{0465527B-362F-4F89-8EA5-E052C9162768}.Debug|Any CPU.Build.0 = Debug|Any CPU
		{0465527B-362F-4F89-8EA5-E052C9162768}.Release|Any CPU.ActiveCfg = Release|Any CPU
		{0465527B-362F-4F89-8EA5-E052C9162768}.Release|Any CPU.Build.0 = Release|Any CPU
	EndGlobalSection
	GlobalSection(SolutionProperties) = preSolution
		HideSolutionNode = FALSE
	EndGlobalSection
	GlobalSection(ExtensibilityGlobals) = postSolution
		SolutionGuid = {A00ADEB8-FB4B-4CF1-AB39-255D1D7B99BD}
	EndGlobalSection
EndGlobal
